
Microsoft Visual Studio Solution File, Format Version 12.00
# Visual Studio Version 17
VisualStudioVersion = 17.9.34622.214
MinimumVisualStudioVersion = 10.0.40219.1
Project("{FAE04EC0-301F-11D3-BF4B-00C04F79EFBC}") = "MVCGuviDemo", "MVCGuviDemo\MVCGuviDemo.csproj", "{7B72909A-20AB-418D-850F-4BE580FCABD0}"
EndProject
Global
	GlobalSection(SolutionConfigurationPlatforms) = preSolution
		Debug|Any CPU = Debug|Any CPU
		Release|Any CPU = Release|Any CPU
	EndGlobalSection
	GlobalSection(ProjectConfigurationPlatforms) = postSolution
		{7B72909A-20AB-418D-850F-4BE580FCABD0}.Debug|Any CPU.ActiveCfg = Debug|Any CPU
		{7B72909A-20AB-418D-850F-4BE580FCABD0}.Debug|Any CPU.Build.0 = Debug|Any CPU
		{7B72909A-20AB-418D-850F-4BE580FCABD0}.Release|Any CPU.ActiveCfg = Release|Any CPU
		{7B72909A-20AB-418D-850F-4BE580FCABD0}.Release|Any CPU.Build.0 = Release|Any CPU
	EndGlobalSection
	GlobalSection(SolutionProperties) = preSolution
		HideSolutionNode = FALSE
	EndGlobalSection
	GlobalSection(ExtensibilityGlobals) = postSolution
		SolutionGuid = {28EC54A2-3E1E-4002-899A-31947BA17763}
	EndGlobalSection
EndGlobal
